github.com/bwmarrin/discordgo v0.23.1 h1:xlK4/69bpl/VSoCYaKe3BOc9j1HkNopoRdCppRYu8dk=
github.com/bwmarrin/discordgo v0.23.1/go.mod h1:c1WtWUGN6nREDmzIpyTp/iD3VYt4Fpx+bVyfBG7JE+M=
github.com/confluentinc/confluent-kafka-go v1.5.2 h1:l+qt+a0Okmq0Bdr1P55IX4fiwFJyg0lZQmfHkAFkv7E=
github.com/confluentinc/confluent-kafka-go v1.5.2/go.mod h1:u2zNLny2xq+5rWeTQjFHbDzzNuba4P1vo31r9r4uAdg=
github.com/davecgh/go-spew v1.1.1/go.mod h1:J7Y8YcW2NihsgmVo/mv3lAwl/skON4iLHjSsI+c5H38=
github.com/google/uuid v1.2.0 h1:qJYtXnJRWmpe7m/3XlyhrsLrEURqHRM2kxzoxXqyUDs=
github.com/google/uuid v1.2.0/go.mod h1:TIyPZe4MgqvfeYDBFedMoGGpEw/LqOeaOT+nhxU+yHo=
github.com/gorilla/websocket v1.4.0 h1:WDFjx/TMzVgy9VdMMQi2K2Emtwi2QcUQsztZ/zLaH/Q=
github.com/gorilla/websocket v1.4.0/go.mod h1:E7qHFY5m1UJ88s3WnNqhKjPHQ0heANvMoAMk2YaljkQ=
github.com/gxed/go-shellwords v1.0.3 h1:2TP32H4TAklZUdz84oj95BJhVnIrRasyx2j1cqH5K38=
github.com/gxed/go-shellwords v1.0.3/go.mod h1:N7paucT91ByIjmVJHhvoarjoQnmsi3Jd3vH7VqgtMxQ=
github.com/hraban/opus v0.0.0-20201025103112-d779bb1cc5a2 h1:Br/jzv+7tTaFI6z2kwI8qmn0GvVnp2oHC6x/2XE0kyY=
github.com/hraban/opus v0.0.0-20201025103112-d779bb1cc5a2/go.mod h1:YQQXrWHN3JEvCtw5ImyTCcPeU/ZLo/YMA+TpB64XdrU=
github.com/ipfs/iptb v1.4.0 h1:YFYTrCkLMRwk/35IMyC6+yjoQSHTEcNcefBStLJzgvo=
github.com/ipfs/iptb v1.4.0/go.mod h1:1rzHpCYtNp87/+hTxG5TfCVn/yMY3dKnLn8tBiMfdmg=
github.com/mediocregopher/radix/v4 v4.0.0-beta.1 h1:RDgQ4wCQ6f+pUsX20CIzjNJnI5P9KDw4j1sjOVHxo7Y=
github.com/mediocregopher/radix/v4 v4.0.0-beta.1/go.mod h1:Z74pilm773ghbGV4EEoPvi6XWgkAfr0VCNkfa8gI1PU=
github.com/pkg/errors v0.8.1 h1:iURUrRGxPUNPdy5/HRSm+Yj6okJ6UtLINN0Q9M4+h3I=
github.com/pkg/errors v0.8.1/go.mod h1:bwawxfHBFNV+L2hUp1rHADufV3IMtnDRdf1r5NINEl0=
github.com/pmezard/go-difflib v1.0.0/go.mod h1:iKH77koFhYxTK1pcRnkKkqfTogsbg7gZNVY4sRDYZ/4=
github.com/stretchr/testify v1.2.2/go.mod h1:a8OnRcib4nhh0OaRAV+Yts87kKdq0PP7pXfy6kDkUVs=
github.com/tilinna/clock v1.0.2 h1:6BO2tyAC9JbPExKH/z9zl44FLu1lImh3nDNKA0kgrkI=
github.com/tilinna/clock v1.0.2/go.mod h1:ZsP7BcY7sEEz7ktc0IVy8Us6boDrK8VradlKRUGfOao=
github.com/urfave/cli v1.20.0 h1:fDqGv3UG/4jbVl/QkFwEdddtEDjh/5Ov6X+0B/3bPaw=
github.com/urfave/cli v1.20.0/go.mod h1:70zkFmudgCuE/ngEzBv17Jvp/497gISqfk5gWijbERA=
golang.org/x/crypto v0.0.0-20181030102418-4d3f4d9ffa16 h1:y6ce7gCWtnH+m3dCjzQ1PCuwl28DDIc3VNnvY29DlIA=
golang.org/x/crypto v0.0.0-20181030102418-4d3f4d9ffa16/go.mod h1:6SG95UA2DQfeDnfUPMdvaQW0Q7yPrPDi9nlGo2tz2b4=
gopkg.in/hraban/opus.v2 v2.0.0-20201025103112-d779bb1cc5a2 h1:sxrRNhZ+cNxxLwPw/vV8gNsz+bbqRQiZHBYBJfpyNoQ=
gopkg.in/hraban/opus.v2 v2.0.0-20201025103112-d779bb1cc5a2/go.mod h1:/L5E7a21VWl8DeuCPKxQBdVG5cy+L0MRZ08B1wnqt7g=
